
Microsoft Visual Studio Solution File, Format Version 12.00
# Visual Studio Version 17
VisualStudioVersion = 17.6.33815.320
MinimumVisualStudioVersion = 10.0.40219.1
Project("{FAE04EC0-301F-11D3-BF4B-00C04F79EFBC}") = "usersAppWithTalk", "usersAppWithTalk.csproj", "{EF1DA292-CA43-4710-A663-5CBCED8DA150}"
EndProject
Global
	GlobalSection(SolutionConfigurationPlatforms) = preSolution
		Debug|Any CPU = Debug|Any CPU
		Release|Any CPU = Release|Any CPU
	EndGlobalSection
	GlobalSection(ProjectConfigurationPlatforms) = postSolution
		{EF1DA292-CA43-4710-A663-5CBCED8DA150}.Debug|Any CPU.ActiveCfg = Debug|Any CPU
		{EF1DA292-CA43-4710-A663-5CBCED8DA150}.Debug|Any CPU.Build.0 = Debug|Any CPU
		{EF1DA292-CA43-4710-A663-5CBCED8DA150}.Release|Any CPU.ActiveCfg = Release|Any CPU
		{EF1DA292-CA43-4710-A663-5CBCED8DA150}.Release|Any CPU.Build.0 = Release|Any CPU
	EndGlobalSection
	GlobalSection(SolutionProperties) = preSolution
		HideSolutionNode = FALSE
	EndGlobalSection
	GlobalSection(ExtensibilityGlobals) = postSolution
		SolutionGuid = {D44E8683-DC2A-4636-9890-F85257BABD9E}
	EndGlobalSection
EndGlobal
